Microsoft Visual Studio Solution File, Format Version 12.00
# Visual Studio 15
VisualStudioVersion = 15.0.28307.539
MinimumVisualStudioVersion = 10.0.40219.1
Project("{8BC9CEB8-8B4A-11D0-8D11-00A0C91BC942}") = "dotnet-wrapper", "dotnet-wrapper\dotnet-wrapper.vcxproj", "{BB2E171F-DEFA-4B53-BD61-75BC6FCE7B07}"
EndProject
Project("{9A19103F-16F7-4668-BE54-9A1E7A4F7556}") = "SatisfactoryMod.Net", "SatisfactoryMod.Net\SatisfactoryMod.Net.csproj", "{E674C635-0E15-4F7B-B527-CCD7738E10C6}"
	ProjectSection(ProjectDependencies) = postProject
		{BB2E171F-DEFA-4B53-BD61-75BC6FCE7B07} = {BB2E171F-DEFA-4B53-BD61-75BC6FCE7B07}
	EndProjectSection
EndProject
Project("{8BC9CEB8-8B4A-11D0-8D11-00A0C91BC942}") = "SatisfactoryModLoader", "thirdparty\SatisfactoryModLoader\SatisfactoryModLoader.vcxproj", "{40237398-4B3F-4F7A-9A60-78683EA1693A}"
EndProject
Project("{9A19103F-16F7-4668-BE54-9A1E7A4F7556}") = "SatisfactoryMod.Net.Example", "SatisfactoryMod.Net.Example\SatisfactoryMod.Net.Example.csproj", "{E8B61D1E-26E9-4ED6-BD05-5EE0C6B9DA35}"
EndProject
Global
	GlobalSection(SolutionConfigurationPlatforms) = preSolution
		Debug|Any CPU = Debug|Any CPU
		Release|Any CPU = Release|Any CPU
	EndGlobalSection
	GlobalSection(ProjectConfigurationPlatforms) = postSolution
		{BB2E171F-DEFA-4B53-BD61-75BC6FCE7B07}.Debug|Any CPU.ActiveCfg = Release|x64
		{BB2E171F-DEFA-4B53-BD61-75BC6FCE7B07}.Debug|Any CPU.Build.0 = Release|x64
		{BB2E171F-DEFA-4B53-BD61-75BC6FCE7B07}.Release|Any CPU.ActiveCfg = Release|x64
		{BB2E171F-DEFA-4B53-BD61-75BC6FCE7B07}.Release|Any CPU.Build.0 = Release|x64
		{E674C635-0E15-4F7B-B527-CCD7738E10C6}.Debug|Any CPU.ActiveCfg = Debug|Any CPU
		{E674C635-0E15-4F7B-B527-CCD7738E10C6}.Debug|Any CPU.Build.0 = Debug|Any CPU
		{E674C635-0E15-4F7B-B527-CCD7738E10C6}.Release|Any CPU.ActiveCfg = Release|Any CPU
		{E674C635-0E15-4F7B-B527-CCD7738E10C6}.Release|Any CPU.Build.0 = Release|Any CPU
		{40237398-4B3F-4F7A-9A60-78683EA1693A}.Debug|Any CPU.ActiveCfg = Release|x64
		{40237398-4B3F-4F7A-9A60-78683EA1693A}.Debug|Any CPU.Build.0 = Release|x64
		{40237398-4B3F-4F7A-9A60-78683EA1693A}.Release|Any CPU.ActiveCfg = Release|x64
		{40237398-4B3F-4F7A-9A60-78683EA1693A}.Release|Any CPU.Build.0 = Release|x64
		{E8B61D1E-26E9-4ED6-BD05-5EE0C6B9DA35}.Debug|Any CPU.ActiveCfg = Debug|Any CPU
		{E8B61D1E-26E9-4ED6-BD05-5EE0C6B9DA35}.Debug|Any CPU.Build.0 = Debug|Any CPU
		{E8B61D1E-26E9-4ED6-BD05-5EE0C6B9DA35}.Release|Any CPU.ActiveCfg = Release|Any CPU
		{E8B61D1E-26E9-4ED6-BD05-5EE0C6B9DA35}.Release|Any CPU.Build.0 = Release|Any CPU
	EndGlobalSection
	GlobalSection(SolutionProperties) = preSolution
		HideSolutionNode = FALSE
	EndGlobalSection
	GlobalSection(ExtensibilityGlobals) = postSolution
		SolutionGuid = {9A5DF5CB-5570-4A20-8E84-9B165C870019}
	EndGlobalSection
EndGlobal
